{
  "name": "@clearglassinc/opal-koboi",
  "version": "2.1.2",
  "lockfileVersion": 3,
  "requires": true,
  "packages": {
    "": {
      "name": "@clearglassinc/opal-koboi",
      "version": "2.1.2",
      "license": "MIT",
      "bin": {
        "opal-koboi": "bin/opal-koboi.js"
      },
      "engines": {
        "node": ">=20"
      }
    }
  }
}
